
Microsoft Visual Studio Solution File, Format Version 12.00
# Visual Studio 15
Project("{FAE04EC0-301F-11D3-BF4B-00C04F79EFBC}") = "Ejercicio1-AntoniaCarrizo", "Ejercicio1-AntoniaCarrizo\Ejercicio1-AntoniaCarrizo.csproj", "{2EDD7274-F310-4643-8ADB-307D81A9E05D}"
EndProject
Global
	GlobalSection(SolutionConfigurationPlatforms) = preSolution
		Debug|anycpu = Debug|anycpu
		Release|anycpu = Release|anycpu
	EndGlobalSection
	GlobalSection(ProjectConfigurationPlatforms) = postSolution
		{2EDD7274-F310-4643-8ADB-307D81A9E05D}.Debug|anycpu.ActiveCfg = Debug|anycpu
		{2EDD7274-F310-4643-8ADB-307D81A9E05D}.Debug|anycpu.Build.0 = Debug|anycpu
		{2EDD7274-F310-4643-8ADB-307D81A9E05D}.Release|anycpu.ActiveCfg = Release|anycpu
		{2EDD7274-F310-4643-8ADB-307D81A9E05D}.Release|anycpu.Build.0 = Release|anycpu
	EndGlobalSection
EndGlobal
